
Microsoft Visual Studio Solution File, Format Version 12.00
# Visual Studio Version 17
VisualStudioVersion = 17.10.35004.147
MinimumVisualStudioVersion = 10.0.40219.1
Project("{FAE04EC0-301F-11D3-BF4B-00C04F79EFBC}") = "AGenius.UsefulStuff.NETStandard", "AGenius.UsefulStuff.NETStandard.csproj", "{B37EED67-E34E-4402-9A36-A5A41020A9A9}"
EndProject
Global
	GlobalSection(SolutionConfigurationPlatforms) = preSolution
		Debug|Any CPU = Debug|Any CPU
		Release|Any CPU = Release|Any CPU
	EndGlobalSection
	GlobalSection(ProjectConfigurationPlatforms) = postSolution
		{B37EED67-E34E-4402-9A36-A5A41020A9A9}.Debug|Any CPU.ActiveCfg = Debug|Any CPU
		{B37EED67-E34E-4402-9A36-A5A41020A9A9}.Debug|Any CPU.Build.0 = Debug|Any CPU
		{B37EED67-E34E-4402-9A36-A5A41020A9A9}.Release|Any CPU.ActiveCfg = Release|Any CPU
		{B37EED67-E34E-4402-9A36-A5A41020A9A9}.Release|Any CPU.Build.0 = Release|Any CPU
	EndGlobalSection
	GlobalSection(SolutionProperties) = preSolution
		HideSolutionNode = FALSE
	EndGlobalSection
	GlobalSection(ExtensibilityGlobals) = postSolution
		SolutionGuid = {26F61B19-2A83-4EF6-9435-51EA2D491ACD}
	EndGlobalSection
EndGlobal
